// !$*UTF8*$!
{
	archiveVersion = 1;
	classes = {
	};
	objectVersion = 46;
	objects = {

/* Begin PBXBuildFile section */
		03032A9A19ED974900A15C54 /* SGFiltersForm.m in Sources */ = {isa = PBXBuildFile; fileRef = 03032A9919ED974900A15C54 /* SGFiltersForm.m */; };
		03032A9D19ED9D2D00A15C54 /* SGFiltersFormViewController.m in Sources */ = {isa = PBXBuildFile; fileRef = 03032A9C19ED9D2D00A15C54 /* SGFiltersFormViewController.m */; };
		031D6AB719CEA5D0000B7D26 /* SGResizableImageViewCell.m in Sources */ = {isa = PBXBuildFile; fileRef = 031D6AB619CEA5D0000B7D26 /* SGResizableImageViewCell.m */; };
		031D6ACE19CF6A39000B7D26 /* SGCasterOptionsTableViewController.m in Sources */ = {isa = PBXBuildFile; fileRef = 031D6ACD19CF6A39000B7D26 /* SGCasterOptionsTableViewController.m */; };
		0325712F19C376E900634776 /* SGDismissSegue.m in Sources */ = {isa = PBXBuildFile; fileRef = 0325712E19C376E900634776 /* SGDismissSegue.m */; };
		0325713819C491B300634776 /* SteamGenius.xcdatamodeld in Sources */ = {isa = PBXBuildFile; fileRef = 0325713619C491B300634776 /* SteamGenius.xcdatamodeld */; };
		0325713C19C492BA00634776 /* Game.plist in Resources */ = {isa = PBXBuildFile; fileRef = 0325713B19C492BA00634776 /* Game.plist */; };
		0325713E19C4932600634776 /* Faction.plist in Resources */ = {isa = PBXBuildFile; fileRef = 0325713D19C4932600634776 /* Faction.plist */; };
		0325714019C4987C00634776 /* Result.plist in Resources */ = {isa = PBXBuildFile; fileRef = 0325713F19C4987C00634776 /* Result.plist */; };
		0325714219C49AD900634776 /* Model.plist in Resources */ = {isa = PBXBuildFile; fileRef = 0325714119C49AD900634776 /* Model.plist */; };
		0325715619C7DB1F00634776 /* SGSettingsForm.m in Sources */ = {isa = PBXBuildFile; fileRef = 0325715519C7DB1F00634776 /* SGSettingsForm.m */; };
		0325715919C7DE1000634776 /* SGSettingsFormViewController.m in Sources */ = {isa = PBXBuildFile; fileRef = 0325715819C7DE1000634776 /* SGSettingsFormViewController.m */; };
		032812921AB38B0C00F23BF9 /* SGReceiptVerificator.m in Sources */ = {isa = PBXBuildFile; fileRef = 032812911AB38B0C00F23BF9 /* SGReceiptVerificator.m */; };
		0344A7A71A8EA41A00F92946 /* SGProducts.plist in Resources */ = {isa = PBXBuildFile; fileRef = 0344A7A61A8EA41A00F92946 /* SGProducts.plist */; };
		0349E2AB19C17F510091FF21 /* main.m in Sources */ = {isa = PBXBuildFile; fileRef = 0349E2AA19C17F510091FF21 /* main.m */; };
		0349E2AE19C17F510091FF21 /* AppDelegate.m in Sources */ = {isa = PBXBuildFile; fileRef = 0349E2AD19C17F510091FF21 /* AppDelegate.m */; };
		0349E2BA19C17F510091FF21 /* Main.storyboard in Resources */ = {isa = PBXBuildFile; fileRef = 0349E2B819C17F510091FF21 /* Main.storyboard */; };
		0349E2BC19C17F510091FF21 /* Images.xcassets in Resources */ = {isa = PBXBuildFile; fileRef = 0349E2BB19C17F510091FF21 /* Images.xcassets */; };
		0349E2BF19C17F510091FF21 /* LaunchScreen.xib in Resources */ = {isa = PBXBuildFile; fileRef = 0349E2BD19C17F510091FF21 /* LaunchScreen.xib */; };
		0349E2CB19C17F510091FF21 /* SteamGeniusTests.m in Sources */ = {isa = PBXBuildFile; fileRef = 0349E2CA19C17F510091FF21 /* SteamGeniusTests.m */; };
		0349E2D719C1805E0091FF21 /* SGSettingsManager.m in Sources */ = {isa = PBXBuildFile; fileRef = 0349E2D619C1805E0091FF21 /* SGSettingsManager.m */; };
		0349E2E719C2C3520091FF21 /* SGTheme.plist in Resources */ = {isa = PBXBuildFile; fileRef = 0349E2E619C2C3520091FF21 /* SGTheme.plist */; };
		0351035D19DD8D3F0032E215 /* SGBattleInfoCell.m in Sources */ = {isa = PBXBuildFile; fileRef = 0351035C19DD8D3F0032E215 /* SGBattleInfoCell.m */; };
		0351036619DE54C50032E215 /* SGBattleListViewController.m in Sources */ = {isa = PBXBuildFile; fileRef = 0351036519DE54C50032E215 /* SGBattleListViewController.m */; };
		0352E8D21A5C52D600007098 /* SGBattleDetailViewController.m in Sources */ = {isa = PBXBuildFile; fileRef = 0352E8D11A5C52D600007098 /* SGBattleDetailViewController.m */; };
		0369594919D4D1BB0096CEBC /* SGGenericAddOptionsTableViewController.m in Sources */ = {isa = PBXBuildFile; fileRef = 0369594819D4D1BB0096CEBC /* SGGenericAddOptionsTableViewController.m */; };
		0369595419D5418B0096CEBC /* SGOpponentForm.m in Sources */ = {isa = PBXBuildFile; fileRef = 0369595319D5418B0096CEBC /* SGOpponentForm.m */; };
		0369595819D542860096CEBC /* SGOpponentFormViewController.m in Sources */ = {isa = PBXBuildFile; fileRef = 0369595719D542860096CEBC /* SGOpponentFormViewController.m */; };
		0369595E19D5F4680096CEBC /* SGGenericOptionsTableViewController.m in Sources */ = {isa = PBXBuildFile; fileRef = 0369595D19D5F4680096CEBC /* SGGenericOptionsTableViewController.m */; };
		0369596319D5F9640096CEBC /* SGScenarioForm.m in Sources */ = {isa = PBXBuildFile; fileRef = 0369596219D5F9640096CEBC /* SGScenarioForm.m */; };
		0369596619D5F9AE0096CEBC /* SGScenarioFormViewController.m in Sources */ = {isa = PBXBuildFile; fileRef = 0369596519D5F9AE0096CEBC /* SGScenarioFormViewController.m */; };
		0369596A19D5FC0B0096CEBC /* SGEventForm.m in Sources */ = {isa = PBXBuildFile; fileRef = 0369596919D5FC0B0096CEBC /* SGEventForm.m */; };
		0369596E19D6041C0096CEBC /* SGEventFormViewController.m in Sources */ = {isa = PBXBuildFile; fileRef = 0369596D19D6041C0096CEBC /* SGEventFormViewController.m */; };
		0369597219D621830096CEBC /* SGLongPressTableViewCell.m in Sources */ = {isa = PBXBuildFile; fileRef = 0369597119D621830096CEBC /* SGLongPressTableViewCell.m */; };
		036BE9B619F766E30096BDE4 /* SGFilterOptionsTableViewController.m in Sources */ = {isa = PBXBuildFile; fileRef = 036BE9B519F766E30096BDE4 /* SGFilterOptionsTableViewController.m */; };
		03746D4A1A7F4275006F5935 /* AppleIncRootCertificate.cer in Resources */ = {isa = PBXBuildFile; fileRef = 03746D491A7F4275006F5935 /* AppleIncRootCertificate.cer */; };
		037708D61A5B185300295E1A /* SGWebViewController.m in Sources */ = {isa = PBXBuildFile; fileRef = 037708D51A5B185300295E1A /* SGWebViewController.m */; };
		037708D81A5B6F8800295E1A /* WebKit.framework in Frameworks */ = {isa = PBXBuildFile; fileRef = 037708D71A5B6F8800295E1A /* WebKit.framework */; };
		038DAAC719CCFC3400A224F7 /* Game.m in Sources */ = {isa = PBXBuildFile; fileRef = 038DAAC619CCFC3400A224F7 /* Game.m */; };
		038DAACA19CCFC3400A224F7 /* Caster.m in Sources */ = {isa = PBXBuildFile; fileRef = 038DAAC919CCFC3400A224F7 /* Caster.m */; };
		038DAACD19CCFC3400A224F7 /* Model.m in Sources */ = {isa = PBXBuildFile; fileRef = 038DAACC19CCFC3400A224F7 /* Model.m */; };
		038DAAD019CCFC3400A224F7 /* Result.m in Sources */ = {isa = PBXBuildFile; fileRef = 038DAACF19CCFC3400A224F7 /* Result.m */; };
		038DAAD319CCFC3400A224F7 /* Scenario.m in Sources */ = {isa = PBXBuildFile; fileRef = 038DAAD219CCFC3400A224F7 /* Scenario.m */; };
		038DAAD619CCFC3400A224F7 /* DataVersion.m in Sources */ = {isa = PBXBuildFile; fileRef = 038DAAD519CCFC3400A224F7 /* DataVersion.m */; };
		038DAADC19CCFC3400A224F7 /* Event.m in Sources */ = {isa = PBXBuildFile; fileRef = 038DAADB19CCFC3400A224F7 /* Event.m */; };
		038DAADF19CCFC3400A224F7 /* Opponent.m in Sources */ = {isa = PBXBuildFile; fileRef = 038DAADE19CCFC3400A224F7 /* Opponent.m */; };
		038DAAE619CCFDBB00A224F7 /* SGGenericRepository.m in Sources */ = {isa = PBXBuildFile; fileRef = 038DAAE519CCFDBB00A224F7 /* SGGenericRepository.m */; };
		038DAAE919CD019000A224F7 /* CoreData.framework in Frameworks */ = {isa = PBXBuildFile; fileRef = 038DAAE719CCFEF400A224F7 /* CoreData.framework */; };
		038DAAED19CD3FA600A224F7 /* SGDataImport.m in Sources */ = {isa = PBXBuildFile; fileRef = 038DAAEC19CD3FA600A224F7 /* SGDataImport.m */; };
		038DAAF019CD4A0300A224F7 /* SGRepository.m in Sources */ = {isa = PBXBuildFile; fileRef = 038DAAEF19CD4A0300A224F7 /* SGRepository.m */; };
		038DAAF419CDE70C00A224F7 /* SGBattleForm.m in Sources */ = {isa = PBXBuildFile; fileRef = 038DAAF319CDE70C00A224F7 /* SGBattleForm.m */; };
		038DAAF819CDE8C500A224F7 /* SGBattleFormViewController.m in Sources */ = {isa = PBXBuildFile; fileRef = 038DAAF719CDE8C500A224F7 /* SGBattleFormViewController.m */; };
		03AF5B691A49225D005C4A1B /* SGDisplayTableViewCell.m in Sources */ = {isa = PBXBuildFile; fileRef = 03AF5B681A49225D005C4A1B /* SGDisplayTableViewCell.m */; };
		03C0B2261A75542A00D20829 /* SGEmptyView.m in Sources */ = {isa = PBXBuildFile; fileRef = 03C0B2251A75542A00D20829 /* SGEmptyView.m */; };
		03C301191A36B3580053882A /* SGColorCircleView.m in Sources */ = {isa = PBXBuildFile; fileRef = 03C301181A36B3580053882A /* SGColorCircleView.m */; };
		03C5D29E1A41BC4B00788E0C /* Faction.m in Sources */ = {isa = PBXBuildFile; fileRef = 03C5D29D1A41BC4B00788E0C /* Faction.m */; };
		03C5D2A11A45BAB400788E0C /* SGFiltersListViewController.m in Sources */ = {isa = PBXBuildFile; fileRef = 03C5D2A01A45BAB400788E0C /* SGFiltersListViewController.m */; };
		03C5F6CF1A828C9E00462CC2 /* SGFactionsOptionTableViewController.m in Sources */ = {isa = PBXBuildFile; fileRef = 03C5F6CE1A828C9E00462CC2 /* SGFactionsOptionTableViewController.m */; };
		03D30CE71A5D089E00C62504 /* iAd.framework in Frameworks */ = {isa = PBXBuildFile; fileRef = 03C3010E1A36A79B0053882A /* iAd.framework */; };
		03D30CEA1A5D22D000C62504 /* BannerViewController.m in Sources */ = {isa = PBXBuildFile; fileRef = 03D30CE91A5D22D000C62504 /* BannerViewController.m */; };
		03E3C6F01A78B8E0009CCCD5 /* SGProductsTableViewController.m in Sources */ = {isa = PBXBuildFile; fileRef = 03E3C6EF1A78B8E0009CCCD5 /* SGProductsTableViewController.m */; };
		03E3C6F21A79EB0B009CCCD5 /* StoreKit.framework in Frameworks */ = {isa = PBXBuildFile; fileRef = 03E3C6F11A79EB0B009CCCD5 /* StoreKit.framework */; };
		03F10A7C1AB4E07300F3F727 /* Battle.m in Sources */ = {isa = PBXBuildFile; fileRef = 03F10A7B1AB4E07300F3F727 /* Battle.m */; };
		03F10A7F1AB4E6DC00F3F727 /* BattleFilter.m in Sources */ = {isa = PBXBuildFile; fileRef = 03F10A7E1AB4E6DC00F3F727 /* BattleFilter.m */; };
		2A5527132F8B4246ACDF4DAE /* libPods.a in Frameworks */ = {isa = PBXBuildFile; fileRef = A616B079BAEC402E93CA0CE3 /* libPods.a */; };
/* End PBXBuildFile section */

/* Begin PBXContainerItemProxy section */
		0349E2C519C17F510091FF21 /* PBXContainerItemProxy */ = {
			isa = PBXContainerItemProxy;
			containerPortal = 0349E29D19C17F510091FF21 /* Project object */;
			proxyType = 1;
			remoteGlobalIDString = 0349E2A419C17F510091FF21;
			remoteInfo = SteamGenius;
		};
/* End PBXContainerItemProxy section */

/* Begin PBXFileReference section */
		03032A9819ED974900A15C54 /* SGFiltersForm.h */ = {isa = PBXFileReference; fileEncoding = 4; lastKnownFileType = sourcecode.c.h; path = SGFiltersForm.h; sourceTree = "<group>"; };
		03032A9919ED974900A15C54 /* SGFiltersForm.m */ = {isa = PBXFileReference; fileEncoding = 4; lastKnownFileType = sourcecode.c.objc; path = SGFiltersForm.m; sourceTree = "<group>"; };
		03032A9B19ED9D2D00A15C54 /* SGFiltersFormViewController.h */ = {isa = PBXFileReference; fileEncoding = 4; lastKnownFileType = sourcecode.c.h; path = SGFiltersFormViewController.h; sourceTree = "<group>"; };
		03032A9C19ED9D2D00A15C54 /* SGFiltersFormViewController.m */ = {isa = PBXFileReference; fileEncoding = 4; lastKnownFileType = sourcecode.c.objc; path = SGFiltersFormViewController.m; sourceTree = "<group>"; };
		031D6AB519CEA5D0000B7D26 /* SGResizableImageViewCell.h */ = {isa = PBXFileReference; fileEncoding = 4; lastKnownFileType = sourcecode.c.h; path = SGResizableImageViewCell.h; sourceTree = "<group>"; };
		031D6AB619CEA5D0000B7D26 /* SGResizableImageViewCell.m */ = {isa = PBXFileReference; fileEncoding = 4; lastKnownFileType = sourcecode.c.objc; path = SGResizableImageViewCell.m; sourceTree = "<group>"; };
		031D6ACC19CF6A39000B7D26 /* SGCasterOptionsTableViewController.h */ = {isa = PBXFileReference; fileEncoding = 4; lastKnownFileType = sourcecode.c.h; path = SGCasterOptionsTableViewController.h; sourceTree = "<group>"; };
		031D6ACD19CF6A39000B7D26 /* SGCasterOptionsTableViewController.m */ = {isa = PBXFileReference; fileEncoding = 4; lastKnownFileType = sourcecode.c.objc; path = SGCasterOptionsTableViewController.m; sourceTree = "<group>"; };
		0325712D19C376E900634776 /* SGDismissSegue.h */ = {isa = PBXFileReference; fileEncoding = 4; lastKnownFileType = sourcecode.c.h; path = SGDismissSegue.h; sourceTree = "<group>"; };
		0325712E19C376E900634776 /* SGDismissSegue.m */ = {isa = PBXFileReference; fileEncoding = 4; lastKnownFileType = sourcecode.c.objc; path = SGDismissSegue.m; sourceTree = "<group>"; };
		0325713719C491B300634776 /* SteamGenius.xcdatamodel */ = {isa = PBXFileReference; lastKnownFileType = wrapper.xcdatamodel; path = SteamGenius.xcdatamodel; sourceTree = "<group>"; };
		0325713B19C492BA00634776 /* Game.plist */ = {isa = PBXFileReference; fileEncoding = 4; lastKnownFileType = text.plist.xml; path = Game.plist; sourceTree = "<group>"; };
		0325713D19C4932600634776 /* Faction.plist */ = {isa = PBXFileReference; fileEncoding = 4; lastKnownFileType = text.plist.xml; path = Faction.plist; sourceTree = "<group>"; };
		0325713F19C4987C00634776 /* Result.plist */ = {isa = PBXFileReference; fileEncoding = 4; lastKnownFileType = text.plist.xml; path = Result.plist; sourceTree = "<group>"; };
		0325714119C49AD900634776 /* Model.plist */ = {isa = PBXFileReference; fileEncoding = 4; lastKnownFileType = text.plist.xml; path = Model.plist; sourceTree = "<group>"; };
		0325715419C7DB1F00634776 /* SGSettingsForm.h */ = {isa = PBXFileReference; fileEncoding = 4; lastKnownFileType = sourcecode.c.h; path = SGSettingsForm.h; sourceTree = "<group>"; };
		0325715519C7DB1F00634776 /* SGSettingsForm.m */ = {isa = PBXFileReference; fileEncoding = 4; lastKnownFileType = sourcecode.c.objc; path = SGSettingsForm.m; sourceTree = "<group>"; };
		0325715719C7DE1000634776 /* SGSettingsFormViewController.h */ = {isa = PBXFileReference; fileEncoding = 4; lastKnownFileType = sourcecode.c.h; path = SGSettingsFormViewController.h; sourceTree = "<group>"; };
		0325715819C7DE1000634776 /* SGSettingsFormViewController.m */ = {isa = PBXFileReference; fileEncoding = 4; lastKnownFileType = sourcecode.c.objc; path = SGSettingsFormViewController.m; sourceTree = "<group>"; };
		032812901AB38B0C00F23BF9 /* SGReceiptVerificator.h */ = {isa = PBXFileReference; fileEncoding = 4; lastKnownFileType = sourcecode.c.h; path = SGReceiptVerificator.h; sourceTree = "<group>"; };
		032812911AB38B0C00F23BF9 /* SGReceiptVerificator.m */ = {isa = PBXFileReference; fileEncoding = 4; lastKnownFileType = sourcecode.c.objc; path = SGReceiptVerificator.m; sourceTree = "<group>"; };
		0344A7A61A8EA41A00F92946 /* SGProducts.plist */ = {isa = PBXFileReference; fileEncoding = 4; lastKnownFileType = text.plist.xml; path = SGProducts.plist; sourceTree = "<group>"; };
		0349E2A519C17F510091FF21 /* SteamGenius.app */ = {isa = PBXFileReference; explicitFileType = wrapper.application; includeInIndex = 0; path = SteamGenius.app; sourceTree = BUILT_PRODUCTS_DIR; };
		0349E2A919C17F510091FF21 /* Info.plist */ = {isa = PBXFileReference; lastKnownFileType = text.plist.xml; path = Info.plist; sourceTree = "<group>"; };
		0349E2AA19C17F510091FF21 /* main.m */ = {isa = PBXFileReference; lastKnownFileType = sourcecode.c.objc; path = main.m; sourceTree = "<group>"; };
		0349E2AC19C17F510091FF21 /* AppDelegate.h */ = {isa = PBXFileReference; lastKnownFileType = sourcecode.c.h; path = AppDelegate.h; sourceTree = "<group>"; };
		0349E2AD19C17F510091FF21 /* AppDelegate.m */ = {isa = PBXFileReference; lastKnownFileType = sourcecode.c.objc; path = AppDelegate.m; sourceTree = "<group>"; };
		0349E2B919C17F510091FF21 /* Base */ = {isa = PBXFileReference; lastKnownFileType = file.storyboard; name = Base; path = Base.lproj/Main.storyboard; sourceTree = "<group>"; };
		0349E2BB19C17F510091FF21 /* Images.xcassets */ = {isa = PBXFileReference; lastKnownFileType = folder.assetcatalog; path = Images.xcassets; sourceTree = "<group>"; };
		0349E2BE19C17F510091FF21 /* Base */ = {isa = PBXFileReference; lastKnownFileType = file.xib; name = Base; path = Base.lproj/LaunchScreen.xib; sourceTree = "<group>"; };
		0349E2C419C17F510091FF21 /* SteamGeniusTests.xctest */ = {isa = PBXFileReference; explicitFileType = wrapper.cfbundle; includeInIndex = 0; path = SteamGeniusTests.xctest; sourceTree = BUILT_PRODUCTS_DIR; };
		0349E2C919C17F510091FF21 /* Info.plist */ = {isa = PBXFileReference; lastKnownFileType = text.plist.xml; path = Info.plist; sourceTree = "<group>"; };
		0349E2CA19C17F510091FF21 /* SteamGeniusTests.m */ = {isa = PBXFileReference; lastKnownFileType = sourcecode.c.objc; path = SteamGeniusTests.m; sourceTree = "<group>"; };
		0349E2D519C1805E0091FF21 /* SGSettingsManager.h */ = {isa = PBXFileReference; fileEncoding = 4; lastKnownFileType = sourcecode.c.h; path = SGSettingsManager.h; sourceTree = "<group>"; };
		0349E2D619C1805E0091FF21 /* SGSettingsManager.m */ = {isa = PBXFileReference; fileEncoding = 4; lastKnownFileType = sourcecode.c.objc; path = SGSettingsManager.m; sourceTree = "<group>"; };
		0349E2D819C182610091FF21 /* README.md */ = {isa = PBXFileReference; fileEncoding = 4; lastKnownFileType = net.daringfireball.markdown; path = README.md; sourceTree = "<group>"; };
		0349E2E619C2C3520091FF21 /* SGTheme.plist */ = {isa = PBXFileReference; fileEncoding = 4; lastKnownFileType = text.plist.xml; path = SGTheme.plist; sourceTree = "<group>"; };
		0351035B19DD8D3F0032E215 /* SGBattleInfoCell.h */ = {isa = PBXFileReference; fileEncoding = 4; lastKnownFileType = sourcecode.c.h; path = SGBattleInfoCell.h; sourceTree = "<group>"; };
		0351035C19DD8D3F0032E215 /* SGBattleInfoCell.m */ = {isa = PBXFileReference; fileEncoding = 4; lastKnownFileType = sourcecode.c.objc; path = SGBattleInfoCell.m; sourceTree = "<group>"; };
		0351036219DE4EC70032E215 /* QuartzCore.framework */ = {isa = PBXFileReference; lastKnownFileType = wrapper.framework; name = QuartzCore.framework; path = System/Library/Frameworks/QuartzCore.framework; sourceTree = SDKROOT; };
		0351036419DE54C50032E215 /* SGBattleListViewController.h */ = {isa = PBXFileReference; fileEncoding = 4; lastKnownFileType = sourcecode.c.h; path = SGBattleListViewController.h; sourceTree = "<group>"; };
		0351036519DE54C50032E215 /* SGBattleListViewController.m */ = {isa = PBXFileReference; fileEncoding = 4; lastKnownFileType = sourcecode.c.objc; path = SGBattleListViewController.m; sourceTree = "<group>"; };
		0352E8D01A5C52D600007098 /* SGBattleDetailViewController.h */ = {isa = PBXFileReference; fileEncoding = 4; lastKnownFileType = sourcecode.c.h; path = SGBattleDetailViewController.h; sourceTree = "<group>"; };
		0352E8D11A5C52D600007098 /* SGBattleDetailViewController.m */ = {isa = PBXFileReference; fileEncoding = 4; lastKnownFileType = sourcecode.c.objc; path = SGBattleDetailViewController.m; sourceTree = "<group>"; };
		0369594719D4D1BB0096CEBC /* SGGenericAddOptionsTableViewController.h */ = {isa = PBXFileReference; fileEncoding = 4; lastKnownFileType = sourcecode.c.h; path = SGGenericAddOptionsTableViewController.h; sourceTree = "<group>"; };
		0369594819D4D1BB0096CEBC /* SGGenericAddOptionsTableViewController.m */ = {isa = PBXFileReference; fileEncoding = 4; lastKnownFileType = sourcecode.c.objc; path = SGGenericAddOptionsTableViewController.m; sourceTree = "<group>"; };
		0369595219D5418B0096CEBC /* SGOpponentForm.h */ = {isa = PBXFileReference; fileEncoding = 4; lastKnownFileType = sourcecode.c.h; path = SGOpponentForm.h; sourceTree = "<group>"; };
		0369595319D5418B0096CEBC /* SGOpponentForm.m */ = {isa = PBXFileReference; fileEncoding = 4; lastKnownFileType = sourcecode.c.objc; path = SGOpponentForm.m; sourceTree = "<group>"; };
		0369595619D542860096CEBC /* SGOpponentFormViewController.h */ = {isa = PBXFileReference; fileEncoding = 4; lastKnownFileType = sourcecode.c.h; path = SGOpponentFormViewController.h; sourceTree = "<group>"; };
		0369595719D542860096CEBC /* SGOpponentFormViewController.m */ = {isa = PBXFileReference; fileEncoding = 4; lastKnownFileType = sourcecode.c.objc; path = SGOpponentFormViewController.m; sourceTree = "<group>"; };
		0369595C19D5F4680096CEBC /* SGGenericOptionsTableViewController.h */ = {isa = PBXFileReference; fileEncoding = 4; lastKnownFileType = sourcecode.c.h; path = SGGenericOptionsTableViewController.h; sourceTree = "<group>"; };
		0369595D19D5F4680096CEBC /* SGGenericOptionsTableViewController.m */ = {isa = PBXFileReference; fileEncoding = 4; lastKnownFileType = sourcecode.c.objc; path = SGGenericOptionsTableViewController.m; sourceTree = "<group>"; };
		0369596119D5F9640096CEBC /* SGScenarioForm.h */ = {isa = PBXFileReference; fileEncoding = 4; lastKnownFileType = sourcecode.c.h; path = SGScenarioForm.h; sourceTree = "<group>"; };
		0369596219D5F9640096CEBC /* SGScenarioForm.m */ = {isa = PBXFileReference; fileEncoding = 4; lastKnownFileType = sourcecode.c.objc; path = SGScenarioForm.m; sourceTree = "<group>"; };
		0369596419D5F9AE0096CEBC /* SGScenarioFormViewController.h */ = {isa = PBXFileReference; fileEncoding = 4; lastKnownFileType = sourcecode.c.h; path = SGScenarioFormViewController.h; sourceTree = "<group>"; };
		0369596519D5F9AE0096CEBC /* SGScenarioFormViewController.m */ = {isa = PBXFileReference; fileEncoding = 4; lastKnownFileType = sourcecode.c.objc; path = SGScenarioFormViewController.m; sourceTree = "<group>"; };
		0369596819D5FC0B0096CEBC /* SGEventForm.h */ = {isa = PBXFileReference; fileEncoding = 4; lastKnownFileType = sourcecode.c.h; path = SGEventForm.h; sourceTree = "<group>"; };
		0369596919D5FC0B0096CEBC /* SGEventForm.m */ = {isa = PBXFileReference; fileEncoding = 4; lastKnownFileType = sourcecode.c.objc; path = SGEventForm.m; sourceTree = "<group>"; };
		0369596C19D6041C0096CEBC /* SGEventFormViewController.h */ = {isa = PBXFileReference; fileEncoding = 4; lastKnownFileType = sourcecode.c.h; path = SGEventFormViewController.h; sourceTree = "<group>"; };
		0369596D19D6041C0096CEBC /* SGEventFormViewController.m */ = {isa = PBXFileReference; fileEncoding = 4; lastKnownFileType = sourcecode.c.objc; path = SGEventFormViewController.m; sourceTree = "<group>"; };
		0369597019D621830096CEBC /* SGLongPressTableViewCell.h */ = {isa = PBXFileReference; fileEncoding = 4; lastKnownFileType = sourcecode.c.h; path = SGLongPressTableViewCell.h; sourceTree = "<group>"; };
		0369597119D621830096CEBC /* SGLongPressTableViewCell.m */ = {isa = PBXFileReference; fileEncoding = 4; lastKnownFileType = sourcecode.c.objc; path = SGLongPressTableViewCell.m; sourceTree = "<group>"; };
		036BE9B419F766E30096BDE4 /* SGFilterOptionsTableViewController.h */ = {isa = PBXFileReference; fileEncoding = 4; lastKnownFileType = sourcecode.c.h; path = SGFilterOptionsTableViewController.h; sourceTree = "<group>"; };
		036BE9B519F766E30096BDE4 /* SGFilterOptionsTableViewController.m */ = {isa = PBXFileReference; fileEncoding = 4; lastKnownFileType = sourcecode.c.objc; path = SGFilterOptionsTableViewController.m; sourceTree = "<group>"; };
		03746D491A7F4275006F5935 /* AppleIncRootCertificate.cer */ = {isa = PBXFileReference; lastKnownFileType = file; path = AppleIncRootCertificate.cer; sourceTree = "<group>"; };
		037708D41A5B185300295E1A /* SGWebViewController.h */ = {isa = PBXFileReference; fileEncoding = 4; lastKnownFileType = sourcecode.c.h; path = SGWebViewController.h; sourceTree = "<group>"; };
		037708D51A5B185300295E1A /* SGWebViewController.m */ = {isa = PBXFileReference; fileEncoding = 4; lastKnownFileType = sourcecode.c.objc; path = SGWebViewController.m; sourceTree = "<group>"; };
		037708D71A5B6F8800295E1A /* WebKit.framework */ = {isa = PBXFileReference; lastKnownFileType = wrapper.framework; name = WebKit.framework; path = System/Library/Frameworks/WebKit.framework; sourceTree = SDKROOT; };
		038DAAC519CCFC3300A224F7 /* Game.h */ = {isa = PBXFileReference; fileEncoding = 4; lastKnownFileType = sourcecode.c.h; path = Game.h; sourceTree = "<group>"; };
		038DAAC619CCFC3400A224F7 /* Game.m */ = {isa = PBXFileReference; fileEncoding = 4; lastKnownFileType = sourcecode.c.objc; path = Game.m; sourceTree = "<group>"; };
		038DAAC819CCFC3400A224F7 /* Caster.h */ = {isa = PBXFileReference; fileEncoding = 4; lastKnownFileType = sourcecode.c.h; path = Caster.h; sourceTree = "<group>"; };
		038DAAC919CCFC3400A224F7 /* Caster.m */ = {isa = PBXFileReference; fileEncoding = 4; lastKnownFileType = sourcecode.c.objc; path = Caster.m; sourceTree = "<group>"; };
		038DAACB19CCFC3400A224F7 /* Model.h */ = {isa = PBXFileReference; fileEncoding = 4; lastKnownFileType = sourcecode.c.h; path = Model.h; sourceTree = "<group>"; };
		038DAACC19CCFC3400A224F7 /* Model.m */ = {isa = PBXFileReference; fileEncoding = 4; lastKnownFileType = sourcecode.c.objc; path = Model.m; sourceTree = "<group>"; };
		038DAACE19CCFC3400A224F7 /* Result.h */ = {isa = PBXFileReference; fileEncoding = 4; lastKnownFileType = sourcecode.c.h; path = Result.h; sourceTree = "<group>"; };
		038DAACF19CCFC3400A224F7 /* Result.m */ = {isa = PBXFileReference; fileEncoding = 4; lastKnownFileType = sourcecode.c.objc; path = Result.m; sourceTree = "<group>"; };
		038DAAD119CCFC3400A224F7 /* Scenario.h */ = {isa = PBXFileReference; fileEncoding = 4; lastKnownFileType = sourcecode.c.h; path = Scenario.h; sourceTree = "<group>"; };
		038DAAD219CCFC3400A224F7 /* Scenario.m */ = {isa = PBXFileReference; fileEncoding = 4; lastKnownFileType = sourcecode.c.objc; path = Scenario.m; sourceTree = "<group>"; };
		038DAAD419CCFC3400A224F7 /* DataVersion.h */ = {isa = PBXFileReference; fileEncoding = 4; lastKnownFileType = sourcecode.c.h; path = DataVersion.h; sourceTree = "<group>"; };
		038DAAD519CCFC3400A224F7 /* DataVersion.m */ = {isa = PBXFileReference; fileEncoding = 4; lastKnownFileType = sourcecode.c.objc; path = DataVersion.m; sourceTree = "<group>"; };
		038DAADA19CCFC3400A224F7 /* Event.h */ = {isa = PBXFileReference; fileEncoding = 4; lastKnownFileType = sourcecode.c.h; path = Event.h; sourceTree = "<group>"; };
		038DAADB19CCFC3400A224F7 /* Event.m */ = {isa = PBXFileReference; fileEncoding = 4; lastKnownFileType = sourcecode.c.objc; path = Event.m; sourceTree = "<group>"; };
		038DAADD19CCFC3400A224F7 /* Opponent.h */ = {isa = PBXFileReference; fileEncoding = 4; lastKnownFileType = sourcecode.c.h; path = Opponent.h; sourceTree = "<group>"; };
		038DAADE19CCFC3400A224F7 /* Opponent.m */ = {isa = PBXFileReference; fileEncoding = 4; lastKnownFileType = sourcecode.c.objc; path = Opponent.m; sourceTree = "<group>"; };
		038DAAE419CCFDBB00A224F7 /* SGGenericRepository.h */ = {isa = PBXFileReference; fileEncoding = 4; lastKnownFileType = sourcecode.c.h; path = SGGenericRepository.h; sourceTree = "<group>"; };
		038DAAE519CCFDBB00A224F7 /* SGGenericRepository.m */ = {isa = PBXFileReference; fileEncoding = 4; lastKnownFileType = sourcecode.c.objc; path = SGGenericRepository.m; sourceTree = "<group>"; };
		038DAAE719CCFEF400A224F7 /* CoreData.framework */ = {isa = PBXFileReference; lastKnownFileType = wrapper.framework; name = CoreData.framework; path = System/Library/Frameworks/CoreData.framework; sourceTree = SDKROOT; };
		038DAAEB19CD3FA600A224F7 /* SGDataImport.h */ = {isa = PBXFileReference; fileEncoding = 4; lastKnownFileType = sourcecode.c.h; path = SGDataImport.h; sourceTree = "<group>"; };
		038DAAEC19CD3FA600A224F7 /* SGDataImport.m */ = {isa = PBXFileReference; fileEncoding = 4; lastKnownFileType = sourcecode.c.objc; path = SGDataImport.m; sourceTree = "<group>"; };
		038DAAEE19CD4A0300A224F7 /* SGRepository.h */ = {isa = PBXFileReference; fileEncoding = 4; lastKnownFileType = sourcecode.c.h; path = SGRepository.h; sourceTree = "<group>"; };
		038DAAEF19CD4A0300A224F7 /* SGRepository.m */ = {isa = PBXFileReference; fileEncoding = 4; lastKnownFileType = sourcecode.c.objc; path = SGRepository.m; sourceTree = "<group>"; };
		038DAAF219CDE70C00A224F7 /* SGBattleForm.h */ = {isa = PBXFileReference; fileEncoding = 4; lastKnownFileType = sourcecode.c.h; path = SGBattleForm.h; sourceTree = "<group>"; };
		038DAAF319CDE70C00A224F7 /* SGBattleForm.m */ = {isa = PBXFileReference; fileEncoding = 4; lastKnownFileType = sourcecode.c.objc; path = SGBattleForm.m; sourceTree = "<group>"; };
		038DAAF619CDE8C500A224F7 /* SGBattleFormViewController.h */ = {isa = PBXFileReference; fileEncoding = 4; lastKnownFileType = sourcecode.c.h; path = SGBattleFormViewController.h; sourceTree = "<group>"; };
		038DAAF719CDE8C500A224F7 /* SGBattleFormViewController.m */ = {isa = PBXFileReference; fileEncoding = 4; lastKnownFileType = sourcecode.c.objc; path = SGBattleFormViewController.m; sourceTree = "<group>"; };
		03AF5B671A49225D005C4A1B /* SGDisplayTableViewCell.h */ = {isa = PBXFileReference; fileEncoding = 4; lastKnownFileType = sourcecode.c.h; path = SGDisplayTableViewCell.h; sourceTree = "<group>"; };
		03AF5B681A49225D005C4A1B /* SGDisplayTableViewCell.m */ = {isa = PBXFileReference; fileEncoding = 4; lastKnownFileType = sourcecode.c.objc; path = SGDisplayTableViewCell.m; sourceTree = "<group>"; };
		03C0B2241A75542A00D20829 /* SGEmptyView.h */ = {isa = PBXFileReference; fileEncoding = 4; lastKnownFileType = sourcecode.c.h; path = SGEmptyView.h; sourceTree = "<group>"; };
		03C0B2251A75542A00D20829 /* SGEmptyView.m */ = {isa = PBXFileReference; fileEncoding = 4; lastKnownFileType = sourcecode.c.objc; path = SGEmptyView.m; sourceTree = "<group>"; };
		03C3010E1A36A79B0053882A /* iAd.framework */ = {isa = PBXFileReference; lastKnownFileType = wrapper.framework; name = iAd.framework; path = System/Library/Frameworks/iAd.framework; sourceTree = SDKROOT; };
		03C301101A36A8AE0053882A /* libAdapterIAd.a */ = {isa = PBXFileReference; lastKnownFileType = archive.ar; name = libAdapterIAd.a; path = "../../../Downloads/LibAdapterIAd-1.0.0/libAdapterIAd.a"; sourceTree = "<group>"; };
		03C301171A36B3580053882A /* SGColorCircleView.h */ = {isa = PBXFileReference; fileEncoding = 4; lastKnownFileType = sourcecode.c.h; path = SGColorCircleView.h; sourceTree = "<group>"; };
		03C301181A36B3580053882A /* SGColorCircleView.m */ = {isa = PBXFileReference; fileEncoding = 4; lastKnownFileType = sourcecode.c.objc; path = SGColorCircleView.m; sourceTree = "<group>"; };
		03C5D29C1A41BC4B00788E0C /* Faction.h */ = {isa = PBXFileReference; fileEncoding = 4; lastKnownFileType = sourcecode.c.h; path = Faction.h; sourceTree = "<group>"; };
		03C5D29D1A41BC4B00788E0C /* Faction.m */ = {isa = PBXFileReference; fileEncoding = 4; lastKnownFileType = sourcecode.c.objc; path = Faction.m; sourceTree = "<group>"; };
		03C5D29F1A45BAB400788E0C /* SGFiltersListViewController.h */ = {isa = PBXFileReference; fileEncoding = 4; lastKnownFileType = sourcecode.c.h; path = SGFiltersListViewController.h; sourceTree = "<group>"; };
		03C5D2A01A45BAB400788E0C /* SGFiltersListViewController.m */ = {isa = PBXFileReference; fileEncoding = 4; lastKnownFileType = sourcecode.c.objc; path = SGFiltersListViewController.m; sourceTree = "<group>"; };
		03C5F6CD1A828C9E00462CC2 /* SGFactionsOptionTableViewController.h */ = {isa = PBXFileReference; fileEncoding = 4; lastKnownFileType = sourcecode.c.h; path = SGFactionsOptionTableViewController.h; sourceTree = "<group>"; };
		03C5F6CE1A828C9E00462CC2 /* SGFactionsOptionTableViewController.m */ = {isa = PBXFileReference; fileEncoding = 4; lastKnownFileType = sourcecode.c.objc; path = SGFactionsOptionTableViewController.m; sourceTree = "<group>"; };
		03D30CE81A5D22D000C62504 /* BannerViewController.h */ = {isa = PBXFileReference; fileEncoding = 4; lastKnownFileType = sourcecode.c.h; path = BannerViewController.h; sourceTree = "<group>"; };
		03D30CE91A5D22D000C62504 /* BannerViewController.m */ = {isa = PBXFileReference; fileEncoding = 4; lastKnownFileType = sourcecode.c.objc; path = BannerViewController.m; sourceTree = "<group>"; };
		03E3C6EE1A78B8E0009CCCD5 /* SGProductsTableViewController.h */ = {isa = PBXFileReference; fileEncoding = 4; lastKnownFileType = sourcecode.c.h; path = SGProductsTableViewController.h; sourceTree = "<group>"; };
		03E3C6EF1A78B8E0009CCCD5 /* SGProductsTableViewController.m */ = {isa = PBXFileReference; fileEncoding = 4; lastKnownFileType = sourcecode.c.objc; path = SGProductsTableViewController.m; sourceTree = "<group>"; };
		03E3C6F11A79EB0B009CCCD5 /* StoreKit.framework */ = {isa = PBXFileReference; lastKnownFileType = wrapper.framework; name = StoreKit.framework; path = System/Library/Frameworks/StoreKit.framework; sourceTree = SDKROOT; };
		03F10A761AB4DCC700F3F727 /* SteamGenius 2.xcdatamodel */ = {isa = PBXFileReference; lastKnownFileType = wrapper.xcdatamodel; path = "SteamGenius 2.xcdatamodel"; sourceTree = "<group>"; };
		03F10A7A1AB4E07300F3F727 /* Battle.h */ = {isa = PBXFileReference; fileEncoding = 4; lastKnownFileType = sourcecode.c.h; path = Battle.h; sourceTree = "<group>"; };
		03F10A7B1AB4E07300F3F727 /* Battle.m */ = {isa = PBXFileReference; fileEncoding = 4; lastKnownFileType = sourcecode.c.objc; path = Battle.m; sourceTree = "<group>"; };
		03F10A7D1AB4E6DC00F3F727 /* BattleFilter.h */ = {isa = PBXFileReference; fileEncoding = 4; lastKnownFileType = sourcecode.c.h; path = BattleFilter.h; sourceTree = "<group>"; };
		03F10A7E1AB4E6DC00F3F727 /* BattleFilter.m */ = {isa = PBXFileReference; fileEncoding = 4; lastKnownFileType = sourcecode.c.objc; path = BattleFilter.m; sourceTree = "<group>"; };
		6CEE86B19B7A98FC4A2BFC4F /* Pods.debug.xcconfig */ = {isa = PBXFileReference; includeInIndex = 1; lastKnownFileType = text.xcconfig; name = Pods.debug.xcconfig; path = "Pods/Target Support Files/Pods/Pods.debug.xcconfig"; sourceTree = "<group>"; };
		819FDD9774F6E8F4D103F84D /* Pods.release.xcconfig */ = {isa = PBXFileReference; includeInIndex = 1; lastKnownFileType = text.xcconfig; name = Pods.release.xcconfig; path = "Pods/Target Support Files/Pods/Pods.release.xcconfig"; sourceTree = "<group>"; };
		A616B079BAEC402E93CA0CE3 /* libPods.a */ = {isa = PBXFileReference; explicitFileType = archive.ar; includeInIndex = 0; path = libPods.a; sourceTree = BUILT_PRODUCTS_DIR; };
/* End PBXFileReference section */

/* Begin PBXFrameworksBuildPhase section */
		0349E2A219C17F510091FF21 /* Frameworks */ = {
			isa = PBXFrameworksBuildPhase;
			buildActionMask = 2147483647;
			files = (
				03E3C6F21A79EB0B009CCCD5 /* StoreKit.framework in Frameworks */,
				03D30CE71A5D089E00C62504 /* iAd.framework in Frameworks */,
				037708D81A5B6F8800295E1A /* WebKit.framework in Frameworks */,
				038DAAE919CD019000A224F7 /* CoreData.framework in Frameworks */,
				2A5527132F8B4246ACDF4DAE /* libPods.a in Frameworks */,
			);
			runOnlyForDeploymentPostprocessing = 0;
		};
		0349E2C119C17F510091FF21 /* Frameworks */ = {
			isa = PBXFrameworksBuildPhase;
			buildActionMask = 2147483647;
			files = (
			);
			runOnlyForDeploymentPostprocessing = 0;
		};
/* End PBXFrameworksBuildPhase section */

/* Begin PBXGroup section */
		03032A9519ED96FE00A15C54 /* Filters */ = {
			isa = PBXGroup;
			children = (
				034D3F4C19EDE8DC008A0230 /* Common */,
				03032A9619ED970D00A15C54 /* Form */,
				03C5D29F1A45BAB400788E0C /* SGFiltersListViewController.h */,
				03C5D2A01A45BAB400788E0C /* SGFiltersListViewController.m */,
			);
			name = Filters;
			sourceTree = "<group>";
		};
		03032A9619ED970D00A15C54 /* Form */ = {
			isa = PBXGroup;
			children = (
				03032A9819ED974900A15C54 /* SGFiltersForm.h */,
				03032A9919ED974900A15C54 /* SGFiltersForm.m */,
				03032A9B19ED9D2D00A15C54 /* SGFiltersFormViewController.h */,
				03032A9C19ED9D2D00A15C54 /* SGFiltersFormViewController.m */,
			);
			name = Form;
			sourceTree = "<group>";
		};
		031D6AB419CEA5A6000B7D26 /* Common */ = {
			isa = PBXGroup;
			children = (
				03D30CE31A5C87E100C62504 /* Views */,
				037708D31A5B183600295E1A /* View Controllers */,
				0325712B19C376C100634776 /* Segues */,
			);
			name = Common;
			sourceTree = "<group>";
		};
		031D6ACB19CF6A11000B7D26 /* Caster Options */ = {
			isa = PBXGroup;
			children = (
				031D6ACC19CF6A39000B7D26 /* SGCasterOptionsTableViewController.h */,
				031D6ACD19CF6A39000B7D26 /* SGCasterOptionsTableViewController.m */,
			);
			name = "Caster Options";
			sourceTree = "<group>";
		};
		0325712B19C376C100634776 /* Segues */ = {
			isa = PBXGroup;
			children = (
				0325712C19C376CD00634776 /* Dismiss */,
			);
			name = Segues;
			sourceTree = "<group>";
		};
		0325712C19C376CD00634776 /* Dismiss */ = {
			isa = PBXGroup;
			children = (
				0325712D19C376E900634776 /* SGDismissSegue.h */,
				0325712E19C376E900634776 /* SGDismissSegue.m */,
			);
			name = Dismiss;
			sourceTree = "<group>";
		};
		0325713919C491C300634776 /* Models */ = {
			isa = PBXGroup;
			children = (
				0325713619C491B300634776 /* SteamGenius.xcdatamodeld */,
				038DAAEA19CD3EC100A224F7 /* Import */,
				038DAAC419CCFBBD00A224F7 /* Entity Classes */,
				038DAAE319CCFD6400A224F7 /* Repository */,
			);
			name = Models;
			sourceTree = "<group>";
		};
		0325713A19C4929900634776 /* Raw Data */ = {
			isa = PBXGroup;
			children = (
				0325713B19C492BA00634776 /* Game.plist */,
				0325713D19C4932600634776 /* Faction.plist */,
				0325713F19C4987C00634776 /* Result.plist */,
				0325714119C49AD900634776 /* Model.plist */,
			);
			name = "Raw Data";
			sourceTree = "<group>";
		};
		032C1CF519D7D87900FBDB49 /* Cells */ = {
			isa = PBXGroup;
			children = (
				0351035B19DD8D3F0032E215 /* SGBattleInfoCell.h */,
				0351035C19DD8D3F0032E215 /* SGBattleInfoCell.m */,
			);
			name = Cells;
			sourceTree = "<group>";
		};
		0335019C19C33A0B004AA293 /* Settings */ = {
			isa = PBXGroup;
			children = (
				03E3C6ED1A78B8CF009CCCD5 /* View Controllers */,
				038DAAF919CDF06000A224F7 /* Form */,
				0349E2DB19C1D8EC0091FF21 /* Manager */,
			);
			name = Settings;
			sourceTree = "<group>";
		};
		0349E29C19C17F510091FF21 = {
			isa = PBXGroup;
			children = (
				0349E2D819C182610091FF21 /* README.md */,
				0349E2A719C17F510091FF21 /* SteamGenius */,
				0349E2C719C17F510091FF21 /* SteamGeniusTests */,
				0349E2A619C17F510091FF21 /* Products */,
				47148A91232B4766B1D74C11 /* Frameworks */,
				DEE0111638292806E8FB355C /* Pods */,
			);
			sourceTree = "<group>";
		};
		0349E2A619C17F510091FF21 /* Products */ = {
			isa = PBXGroup;
			children = (
				0349E2A519C17F510091FF21 /* SteamGenius.app */,
				0349E2C419C17F510091FF21 /* SteamGeniusTests.xctest */,
			);
			name = Products;
			sourceTree = "<group>";
		};
		0349E2A719C17F510091FF21 /* SteamGenius */ = {
			isa = PBXGroup;
			children = (
				0349E2AC19C17F510091FF21 /* AppDelegate.h */,
				0349E2AD19C17F510091FF21 /* AppDelegate.m */,
				0355CAEF1AA18D950068EF83 /* Classes */,
				0349E2D419C180340091FF21 /* Views */,
				0325713919C491C300634776 /* Models */,
				0349E2B819C17F510091FF21 /* Main.storyboard */,
				0349E2BB19C17F510091FF21 /* Images.xcassets */,
				0349E2BD19C17F510091FF21 /* LaunchScreen.xib */,
				0349E2A819C17F510091FF21 /* Supporting Files */,
			);
			path = SteamGenius;
			sourceTree = "<group>";
		};
		0349E2A819C17F510091FF21 /* Supporting Files */ = {
			isa = PBXGroup;
			children = (
				03746D491A7F4275006F5935 /* AppleIncRootCertificate.cer */,
				0349E2A919C17F510091FF21 /* Info.plist */,
				0349E2E619C2C3520091FF21 /* SGTheme.plist */,
				0349E2AA19C17F510091FF21 /* main.m */,
				0344A7A61A8EA41A00F92946 /* SGProducts.plist */,
			);
			name = "Supporting Files";
			sourceTree = "<group>";
		};
		0349E2C719C17F510091FF21 /* SteamGeniusTests */ = {
			isa = PBXGroup;
			children = (
				0349E2CA19C17F510091FF21 /* SteamGeniusTests.m */,
				0349E2C819C17F510091FF21 /* Supporting Files */,
			);
			path = SteamGeniusTests;
			sourceTree = "<group>";
		};
		0349E2C819C17F510091FF21 /* Supporting Files */ = {
			isa = PBXGroup;
			children = (
				0349E2C919C17F510091FF21 /* Info.plist */,
			);
			name = "Supporting Files";
			sourceTree = "<group>";
		};
		0349E2D419C180340091FF21 /* Views */ = {
			isa = PBXGroup;
			children = (
				031D6AB419CEA5A6000B7D26 /* Common */,
				03032A9519ED96FE00A15C54 /* Filters */,
				0335019C19C33A0B004AA293 /* Settings */,
				0349E2DA19C1D8E50091FF21 /* Battles */,
			);
			name = Views;
			sourceTree = "<group>";
		};
		0349E2DA19C1D8E50091FF21 /* Battles */ = {
			isa = PBXGroup;
			children = (
				038DAAF519CDE89800A224F7 /* View Controllers */,
			);
			name = Battles;
			sourceTree = "<group>";
		};
		0349E2DB19C1D8EC0091FF21 /* Manager */ = {
			isa = PBXGroup;
			children = (
				0349E2D519C1805E0091FF21 /* SGSettingsManager.h */,
				0349E2D619C1805E0091FF21 /* SGSettingsManager.m */,
			);
			name = Manager;
			sourceTree = "<group>";
		};
		034D3F4C19EDE8DC008A0230 /* Common */ = {
			isa = PBXGroup;
			children = (
				034D3F4D19EDE8E3008A0230 /* View Controllers */,
			);
			name = Common;
			sourceTree = "<group>";
		};
		034D3F4D19EDE8E3008A0230 /* View Controllers */ = {
			isa = PBXGroup;
			children = (
				036BE9B719F766F30096BDE4 /* Options */,
			);
			name = "View Controllers";
			sourceTree = "<group>";
		};
		0355CAEF1AA18D950068EF83 /* Classes */ = {
			isa = PBXGroup;
			children = (
				032812901AB38B0C00F23BF9 /* SGReceiptVerificator.h */,
				032812911AB38B0C00F23BF9 /* SGReceiptVerificator.m */,
			);
			name = Classes;
			sourceTree = "<group>";
		};
		0369594319D4D1710096CEBC /* Common */ = {
			isa = PBXGroup;
			children = (
				03B6244819E3ADA200963793 /* View Controllers */,
				032C1CF519D7D87900FBDB49 /* Cells */,
			);
			name = Common;
			sourceTree = "<group>";
		};
		0369595519D5418F0096CEBC /* Opponent */ = {
			isa = PBXGroup;
			children = (
				0369595219D5418B0096CEBC /* SGOpponentForm.h */,
				0369595319D5418B0096CEBC /* SGOpponentForm.m */,
				0369595619D542860096CEBC /* SGOpponentFormViewController.h */,
				0369595719D542860096CEBC /* SGOpponentFormViewController.m */,
			);
			name = Opponent;
			sourceTree = "<group>";
		};
		0369595919D5B84F0096CEBC /* Battle */ = {
			isa = PBXGroup;
			children = (
				038DAAF219CDE70C00A224F7 /* SGBattleForm.h */,
				038DAAF319CDE70C00A224F7 /* SGBattleForm.m */,
				038DAAF619CDE8C500A224F7 /* SGBattleFormViewController.h */,
				038DAAF719CDE8C500A224F7 /* SGBattleFormViewController.m */,
			);
			name = Battle;
			sourceTree = "<group>";
		};
		0369596019D5F94C0096CEBC /* Scenario */ = {
			isa = PBXGroup;
			children = (
				0369596119D5F9640096CEBC /* SGScenarioForm.h */,
				0369596219D5F9640096CEBC /* SGScenarioForm.m */,
				0369596419D5F9AE0096CEBC /* SGScenarioFormViewController.h */,
				0369596519D5F9AE0096CEBC /* SGScenarioFormViewController.m */,
			);
			name = Scenario;
			sourceTree = "<group>";
		};
		0369596719D5FBEF0096CEBC /* Event */ = {
			isa = PBXGroup;
			children = (
				0369596819D5FC0B0096CEBC /* SGEventForm.h */,
				0369596919D5FC0B0096CEBC /* SGEventForm.m */,
				0369596C19D6041C0096CEBC /* SGEventFormViewController.h */,
				0369596D19D6041C0096CEBC /* SGEventFormViewController.m */,
			);
			name = Event;
			sourceTree = "<group>";
		};
		0369597319D6231C0096CEBC /* Resizable Image Cell */ = {
			isa = PBXGroup;
			children = (
				031D6AB519CEA5D0000B7D26 /* SGResizableImageViewCell.h */,
				031D6AB619CEA5D0000B7D26 /* SGResizableImageViewCell.m */,
			);
			name = "Resizable Image Cell";
			sourceTree = "<group>";
		};
		0369597419D623260096CEBC /* Long Press Gesture Cell */ = {
			isa = PBXGroup;
			children = (
				0369597019D621830096CEBC /* SGLongPressTableViewCell.h */,
				0369597119D621830096CEBC /* SGLongPressTableViewCell.m */,
			);
			name = "Long Press Gesture Cell";
			sourceTree = "<group>";
		};
		0369597519D623400096CEBC /* Options with Add */ = {
			isa = PBXGroup;
			children = (
				0369594719D4D1BB0096CEBC /* SGGenericAddOptionsTableViewController.h */,
				0369594819D4D1BB0096CEBC /* SGGenericAddOptionsTableViewController.m */,
			);
			name = "Options with Add";
			sourceTree = "<group>";
		};
		0369597619D6234F0096CEBC /* Options */ = {
			isa = PBXGroup;
			children = (
				0369595C19D5F4680096CEBC /* SGGenericOptionsTableViewController.h */,
				0369595D19D5F4680096CEBC /* SGGenericOptionsTableViewController.m */,
			);
			name = Options;
			sourceTree = "<group>";
		};
		036BE9B719F766F30096BDE4 /* Options */ = {
			isa = PBXGroup;
			children = (
				036BE9B419F766E30096BDE4 /* SGFilterOptionsTableViewController.h */,
				036BE9B519F766E30096BDE4 /* SGFilterOptionsTableViewController.m */,
			);
			name = Options;
			sourceTree = "<group>";
		};
		037708D31A5B183600295E1A /* View Controllers */ = {
			isa = PBXGroup;
			children = (
				03C5F6CB1A828C4F00462CC2 /* Banner Ad */,
				03C5F6CC1A828C7200462CC2 /* Factions */,
			);
			name = "View Controllers";
			sourceTree = "<group>";
		};
		038DAAC419CCFBBD00A224F7 /* Entity Classes */ = {
			isa = PBXGroup;
			children = (
				03F10A7D1AB4E6DC00F3F727 /* BattleFilter.h */,
				03F10A7E1AB4E6DC00F3F727 /* BattleFilter.m */,
				03F10A7A1AB4E07300F3F727 /* Battle.h */,
				03F10A7B1AB4E07300F3F727 /* Battle.m */,
				03C5D29C1A41BC4B00788E0C /* Faction.h */,
				03C5D29D1A41BC4B00788E0C /* Faction.m */,
				038DAADD19CCFC3400A224F7 /* Opponent.h */,
				038DAADE19CCFC3400A224F7 /* Opponent.m */,
				038DAADA19CCFC3400A224F7 /* Event.h */,
				038DAADB19CCFC3400A224F7 /* Event.m */,
				038DAAD419CCFC3400A224F7 /* DataVersion.h */,
				038DAAD519CCFC3400A224F7 /* DataVersion.m */,
				038DAAD119CCFC3400A224F7 /* Scenario.h */,
				038DAAD219CCFC3400A224F7 /* Scenario.m */,
				038DAACE19CCFC3400A224F7 /* Result.h */,
				038DAACF19CCFC3400A224F7 /* Result.m */,
				038DAACB19CCFC3400A224F7 /* Model.h */,
				038DAACC19CCFC3400A224F7 /* Model.m */,
				038DAAC819CCFC3400A224F7 /* Caster.h */,
				038DAAC919CCFC3400A224F7 /* Caster.m */,
				038DAAC519CCFC3300A224F7 /* Game.h */,
				038DAAC619CCFC3400A224F7 /* Game.m */,
			);
			name = "Entity Classes";
			sourceTree = "<group>";
		};
		038DAAE319CCFD6400A224F7 /* Repository */ = {
			isa = PBXGroup;
			children = (
				038DAAE419CCFDBB00A224F7 /* SGGenericRepository.h */,
				038DAAE519CCFDBB00A224F7 /* SGGenericRepository.m */,
				038DAAEE19CD4A0300A224F7 /* SGRepository.h */,
				038DAAEF19CD4A0300A224F7 /* SGRepository.m */,
			);
			name = Repository;
			sourceTree = "<group>";
		};
		038DAAEA19CD3EC100A224F7 /* Import */ = {
			isa = PBXGroup;
			children = (
				0325713A19C4929900634776 /* Raw Data */,
				038DAAEB19CD3FA600A224F7 /* SGDataImport.h */,
				038DAAEC19CD3FA600A224F7 /* SGDataImport.m */,
			);
			name = Import;
			sourceTree = "<group>";
		};
		038DAAF119CDE65E00A224F7 /* Form */ = {
			isa = PBXGroup;
			children = (
				0369595919D5B84F0096CEBC /* Battle */,
				0369595519D5418F0096CEBC /* Opponent */,
				0369596019D5F94C0096CEBC /* Scenario */,
				0369596719D5FBEF0096CEBC /* Event */,
			);
			name = Form;
			sourceTree = "<group>";
		};
		038DAAF519CDE89800A224F7 /* View Controllers */ = {
			isa = PBXGroup;
			children = (
				03AF5B5E1A477C13005C4A1B /* Views */,
				0369594319D4D1710096CEBC /* Common */,
				038DAAF119CDE65E00A224F7 /* Form */,
				0351036419DE54C50032E215 /* SGBattleListViewController.h */,
				0351036519DE54C50032E215 /* SGBattleListViewController.m */,
			);
			name = "View Controllers";
			sourceTree = "<group>";
		};
		038DAAF919CDF06000A224F7 /* Form */ = {
			isa = PBXGroup;
			children = (
				0325715419C7DB1F00634776 /* SGSettingsForm.h */,
				0325715519C7DB1F00634776 /* SGSettingsForm.m */,
				0325715719C7DE1000634776 /* SGSettingsFormViewController.h */,
				0325715819C7DE1000634776 /* SGSettingsFormViewController.m */,
			);
			name = Form;
			sourceTree = "<group>";
		};
		03AF5B5E1A477C13005C4A1B /* Views */ = {
			isa = PBXGroup;
			children = (
				03AF5B5F1A477C20005C4A1B /* Battle Detail */,
			);
			name = Views;
			sourceTree = "<group>";
		};
		03AF5B5F1A477C20005C4A1B /* Battle Detail */ = {
			isa = PBXGroup;
			children = (
				0352E8D01A5C52D600007098 /* SGBattleDetailViewController.h */,
				0352E8D11A5C52D600007098 /* SGBattleDetailViewController.m */,
			);
			name = "Battle Detail";
			sourceTree = "<group>";
		};
		03AF5B661A4921AA005C4A1B /* Display Cell */ = {
			isa = PBXGroup;
			children = (
				03AF5B671A49225D005C4A1B /* SGDisplayTableViewCell.h */,
				03AF5B681A49225D005C4A1B /* SGDisplayTableViewCell.m */,
			);
			name = "Display Cell";
			sourceTree = "<group>";
		};
		03B6244819E3ADA200963793 /* View Controllers */ = {
			isa = PBXGroup;
			children = (
				031D6ACB19CF6A11000B7D26 /* Caster Options */,
				0369597619D6234F0096CEBC /* Options */,
				0369597519D623400096CEBC /* Options with Add */,
			);
			name = "View Controllers";
			sourceTree = "<group>";
		};
		03C5F6C81A828BE600462CC2 /* Empty View */ = {
			isa = PBXGroup;
			children = (
				03C0B2241A75542A00D20829 /* SGEmptyView.h */,
				03C0B2251A75542A00D20829 /* SGEmptyView.m */,
			);
			name = "Empty View";
			sourceTree = "<group>";
		};
		03C5F6C91A828BF100462CC2 /* Color Circle */ = {
			isa = PBXGroup;
			children = (
				03C301171A36B3580053882A /* SGColorCircleView.h */,
				03C301181A36B3580053882A /* SGColorCircleView.m */,
			);
			name = "Color Circle";
			sourceTree = "<group>";
		};
		03C5F6CA1A828C2100462CC2 /* Cells */ = {
			isa = PBXGroup;
			children = (
				03AF5B661A4921AA005C4A1B /* Display Cell */,
				0369597419D623260096CEBC /* Long Press Gesture Cell */,
				0369597319D6231C0096CEBC /* Resizable Image Cell */,
			);
			name = Cells;
			sourceTree = "<group>";
		};
		03C5F6CB1A828C4F00462CC2 /* Banner Ad */ = {
			isa = PBXGroup;
			children = (
				03D30CE81A5D22D000C62504 /* BannerViewController.h */,
				03D30CE91A5D22D000C62504 /* BannerViewController.m */,
			);
			name = "Banner Ad";
			sourceTree = "<group>";
		};
		03C5F6CC1A828C7200462CC2 /* Factions */ = {
			isa = PBXGroup;
			children = (
				03C5F6CD1A828C9E00462CC2 /* SGFactionsOptionTableViewController.h */,
				03C5F6CE1A828C9E00462CC2 /* SGFactionsOptionTableViewController.m */,
			);
			name = Factions;
			sourceTree = "<group>";
		};
		03D30CE31A5C87E100C62504 /* Views */ = {
			isa = PBXGroup;
			children = (
				03C5F6CA1A828C2100462CC2 /* Cells */,
				03C5F6C91A828BF100462CC2 /* Color Circle */,
				03C5F6C81A828BE600462CC2 /* Empty View */,
			);
			name = Views;
			sourceTree = "<group>";
		};
		03E3C6ED1A78B8CF009CCCD5 /* View Controllers */ = {
			isa = PBXGroup;
			children = (
				037708D41A5B185300295E1A /* SGWebViewController.h */,
				037708D51A5B185300295E1A /* SGWebViewController.m */,
				03E3C6EE1A78B8E0009CCCD5 /* SGProductsTableViewController.h */,
				03E3C6EF1A78B8E0009CCCD5 /* SGProductsTableViewController.m */,
			);
			name = "View Controllers";
			sourceTree = "<group>";
		};
		47148A91232B4766B1D74C11 /* Frameworks */ = {
			isa = PBXGroup;
			children = (
				03E3C6F11A79EB0B009CCCD5 /* StoreKit.framework */,
				037708D71A5B6F8800295E1A /* WebKit.framework */,
				03C301101A36A8AE0053882A /* libAdapterIAd.a */,
				03C3010E1A36A79B0053882A /* iAd.framework */,
				0351036219DE4EC70032E215 /* QuartzCore.framework */,
				038DAAE719CCFEF400A224F7 /* CoreData.framework */,
				A616B079BAEC402E93CA0CE3 /* libPods.a */,
			);
			name = Frameworks;
			sourceTree = "<group>";
		};
		DEE0111638292806E8FB355C /* Pods */ = {
			isa = PBXGroup;
			children = (
				6CEE86B19B7A98FC4A2BFC4F /* Pods.debug.xcconfig */,
				819FDD9774F6E8F4D103F84D /* Pods.release.xcconfig */,
			);
			name = Pods;
			sourceTree = "<group>";
		};
/* End PBXGroup section */

/* Begin PBXNativeTarget section */
		0349E2A419C17F510091FF21 /* SteamGenius */ = {
			isa = PBXNativeTarget;
			buildConfigurationList = 0349E2CE19C17F510091FF21 /* Build configuration list for PBXNativeTarget "SteamGenius" */;
			buildPhases = (
				0A64E7D50FAE4B958F306ABD /* Check Pods Manifest.lock */,
				0355CAF01AA18E9D0068EF83 /* Generate Receipt Validation Code for In-App Purchases */,
				0349E2A119C17F510091FF21 /* Sources */,
				0349E2A219C17F510091FF21 /* Frameworks */,
				0349E2A319C17F510091FF21 /* Resources */,
				ACD79D0B47414A8AB021F94D /* Copy Pods Resources */,
			);
			buildRules = (
			);
			dependencies = (
			);
			name = SteamGenius;
			productName = SteamGenius;
			productReference = 0349E2A519C17F510091FF21 /* SteamGenius.app */;
			productType = "com.apple.product-type.application";
		};
		0349E2C319C17F510091FF21 /* SteamGeniusTests */ = {
			isa = PBXNativeTarget;
			buildConfigurationList = 0349E2D119C17F510091FF21 /* Build configuration list for PBXNativeTarget "SteamGeniusTests" */;
			buildPhases = (
				0349E2C019C17F510091FF21 /* Sources */,
				0349E2C119C17F510091FF21 /* Frameworks */,
				0349E2C219C17F510091FF21 /* Resources */,
			);
			buildRules = (
			);
			dependencies = (
				0349E2C619C17F510091FF21 /* PBXTargetDependency */,
			);
			name = SteamGeniusTests;
			productName = SteamGeniusTests;
			productReference = 0349E2C419C17F510091FF21 /* SteamGeniusTests.xctest */;
			productType = "com.apple.product-type.bundle.unit-test";
		};
/* End PBXNativeTarget section */

/* Begin PBXProject section */
		0349E29D19C17F510091FF21 /* Project object */ = {
			isa = PBXProject;
			attributes = {
				LastUpgradeCheck = 0600;
				ORGANIZATIONNAME = "Erik Lopez";
				TargetAttributes = {
					0349E2A419C17F510091FF21 = {
						CreatedOnToolsVersion = 6.0;
						DevelopmentTeam = 63Z8F2HA98;
					};
					0349E2C319C17F510091FF21 = {
						CreatedOnToolsVersion = 6.0;
						TestTargetID = 0349E2A419C17F510091FF21;
					};
				};
			};
			buildConfigurationList = 0349E2A019C17F510091FF21 /* Build configuration list for PBXProject "SteamGenius" */;
			compatibilityVersion = "Xcode 3.2";
			developmentRegion = English;
			hasScannedForEncodings = 0;
			knownRegions = (
				en,
				Base,
			);
			mainGroup = 0349E29C19C17F510091FF21;
			productRefGroup = 0349E2A619C17F510091FF21 /* Products */;
			projectDirPath = "";
			projectRoot = "";
			targets = (
				0349E2A419C17F510091FF21 /* SteamGenius */,
				0349E2C319C17F510091FF21 /* SteamGeniusTests */,
			);
		};
/* End PBXProject section */

/* Begin PBXResourcesBuildPhase section */
		0349E2A319C17F510091FF21 /* Resources */ = {
			isa = PBXResourcesBuildPhase;
			buildActionMask = 2147483647;
			files = (
				0325714019C4987C00634776 /* Result.plist in Resources */,
				0349E2E719C2C3520091FF21 /* SGTheme.plist in Resources */,
				0325713C19C492BA00634776 /* Game.plist in Resources */,
				0349E2BA19C17F510091FF21 /* Main.storyboard in Resources */,
				0349E2BF19C17F510091FF21 /* LaunchScreen.xib in Resources */,
				0344A7A71A8EA41A00F92946 /* SGProducts.plist in Resources */,
				0349E2BC19C17F510091FF21 /* Images.xcassets in Resources */,
				0325714219C49AD900634776 /* Model.plist in Resources */,
				03746D4A1A7F4275006F5935 /* AppleIncRootCertificate.cer in Resources */,
				0325713E19C4932600634776 /* Faction.plist in Resources */,
			);
			runOnlyForDeploymentPostprocessing = 0;
		};
		0349E2C219C17F510091FF21 /* Resources */ = {
			isa = PBXResourcesBuildPhase;
			buildActionMask = 2147483647;
			files = (
			);
			runOnlyForDeploymentPostprocessing = 0;
		};
/* End PBXResourcesBuildPhase section */

/* Begin PBXShellScriptBuildPhase section */
		0355CAF01AA18E9D0068EF83 /* Generate Receipt Validation Code for In-App Purchases */ = {
			isa = PBXShellScriptBuildPhase;
			buildActionMask = 2147483647;
			files = (
			);
			inputPaths = (
			);
			name = "Generate Receipt Validation Code for In-App Purchases";
			outputPaths = (
				"$(DERIVED_FILE_DIR)/iapreceipt.h",
			);
			runOnlyForDeploymentPostprocessing = 0;
			shellPath = /bin/sh;
			shellScript = "# Receigen binary\nRECEIGEN=\"/Applications/Receigen.app/Contents/MacOS/Receigen\"\n\n# Configure receipt.h settings\nCODE_PREFIX=`eval \"echo SGBase\"`\nSUCCESS_BEHAVIOR=`eval \"echo checkinapp\"`\nFAILURE_BEHAVIOR=`eval \"echo refreshreceipt\"`\n\n# Extract Info.plist information\nINPUT=\"$INFOPLIST_FILE\"\n# BUNDLE_ID=`/usr/libexec/PlistBuddy -c \"Print CFBundleIdentifier\" \"$INPUT\"`\n# Had to hard code the Bundle Id as the variable in the Info.plist was being ignored\nBUNDLE_ID=`eval \"echo com.eriklopez.SteamGenius\"`\n# On iOS, use CFBundleVersion\nBUNDLE_VERSION=`/usr/libexec/PlistBuddy -c \"Print CFBundleVersion\" \"$INPUT\"`\n\n# Expand information if needed\nEXPANDED_BUNDLE_ID=`eval \"echo $BUNDLE_ID\"`\nEXPANDED_BUNDLE_VERSION=`eval \"echo $BUNDLE_VERSION\"`\n\n# Make sure the destination directory exists\nmkdir -p \"$DERIVED_FILES_DIR\"\nHEADER=\"$DERIVED_FILES_DIR/receipt.h\"\n\n# Check if the generation is needed\nif [ -e \"$HEADER\" ]; then\n# On iOS, check CFBundleIdentifier and CFBundleVersion\nSKIP=`egrep -q \"CFBundleIdentifier.+:.+$EXPANDED_BUNDLE_ID\" \"$HEADER\" && egrep -q \"CFBundleVersion.+:.+$EXPANDED_BUNDLE_VERSION\" \"$HEADER\" && echo \"YES\"`\nfi\n\n# Generate the header file if needed\nif [ \"x$SKIP\" = \"x\" ]; then\n# On iOS, call Receigen with options\n\"$RECEIGEN\" --identifier \"$EXPANDED_BUNDLE_ID\" --version \"$EXPANDED_BUNDLE_VERSION\" --prefix \"$CODE_PREFIX\" --success \"$SUCCESS_BEHAVIOR\" --failure \"$FAILURE_BEHAVIOR\" --os ios > \"$HEADER\"\nfi";
		};
		0A64E7D50FAE4B958F306ABD /* Check Pods Manifest.lock */ = {
			isa = PBXShellScriptBuildPhase;
			buildActionMask = 2147483647;
			files = (
			);
			inputPaths = (
			);
			name = "Check Pods Manifest.lock";
			outputPaths = (
			);
			runOnlyForDeploymentPostprocessing = 0;
			shellPath = /bin/sh;
			shellScript = "diff \"${PODS_ROOT}/../Podfile.lock\" \"${PODS_ROOT}/Manifest.lock\" > /dev/null\nif [[ $? != 0 ]] ; then\n    cat << EOM\nerror: The sandbox is not in sync with the Podfile.lock. Run 'pod install' or update your CocoaPods installation.\nEOM\n    exit 1\nfi\n";
			showEnvVarsInLog = 0;
		};
		ACD79D0B47414A8AB021F94D /* Copy Pods Resources */ = {
			isa = PBXShellScriptBuildPhase;
			buildActionMask = 2147483647;
			files = (
			);
			inputPaths = (
			);
			name = "Copy Pods Resources";
			outputPaths = (
			);
			runOnlyForDeploymentPostprocessing = 0;
			shellPath = /bin/sh;
			shellScript = "\"${SRCROOT}/Pods/Target Support Files/Pods/Pods-resources.sh\"\n";
			showEnvVarsInLog = 0;
		};
/* End PBXShellScriptBuildPhase section */

/* Begin PBXSourcesBuildPhase section */
		0349E2A119C17F510091FF21 /* Sources */ = {
			isa = PBXSourcesBuildPhase;
			buildActionMask = 2147483647;
			files = (
				0369596A19D5FC0B0096CEBC /* SGEventForm.m in Sources */,
				038DAAD619CCFC3400A224F7 /* DataVersion.m in Sources */,
				03D30CEA1A5D22D000C62504 /* BannerViewController.m in Sources */,
				031D6ACE19CF6A39000B7D26 /* SGCasterOptionsTableViewController.m in Sources */,
				03032A9A19ED974900A15C54 /* SGFiltersForm.m in Sources */,
				038DAAF019CD4A0300A224F7 /* SGRepository.m in Sources */,
				038DAAF819CDE8C500A224F7 /* SGBattleFormViewController.m in Sources */,
				0349E2AE19C17F510091FF21 /* AppDelegate.m in Sources */,
				0351035D19DD8D3F0032E215 /* SGBattleInfoCell.m in Sources */,
				038DAAC719CCFC3400A224F7 /* Game.m in Sources */,
				0352E8D21A5C52D600007098 /* SGBattleDetailViewController.m in Sources */,
				036BE9B619F766E30096BDE4 /* SGFilterOptionsTableViewController.m in Sources */,
				038DAADC19CCFC3400A224F7 /* Event.m in Sources */,
				03C5F6CF1A828C9E00462CC2 /* SGFactionsOptionTableViewController.m in Sources */,
				0325712F19C376E900634776 /* SGDismissSegue.m in Sources */,
				038DAADF19CCFC3400A224F7 /* Opponent.m in Sources */,
				038DAACA19CCFC3400A224F7 /* Caster.m in Sources */,
				0349E2D719C1805E0091FF21 /* SGSettingsManager.m in Sources */,
				0325713819C491B300634776 /* SteamGenius.xcdatamodeld in Sources */,
				03F10A7F1AB4E6DC00F3F727 /* BattleFilter.m in Sources */,
				0369596319D5F9640096CEBC /* SGScenarioForm.m in Sources */,
				038DAAD319CCFC3400A224F7 /* Scenario.m in Sources */,
				0325715919C7DE1000634776 /* SGSettingsFormViewController.m in Sources */,
				03E3C6F01A78B8E0009CCCD5 /* SGProductsTableViewController.m in Sources */,
				03032A9D19ED9D2D00A15C54 /* SGFiltersFormViewController.m in Sources */,
				0369596E19D6041C0096CEBC /* SGEventFormViewController.m in Sources */,
				03C0B2261A75542A00D20829 /* SGEmptyView.m in Sources */,
				0349E2AB19C17F510091FF21 /* main.m in Sources */,
				038DAAED19CD3FA600A224F7 /* SGDataImport.m in Sources */,
				032812921AB38B0C00F23BF9 /* SGReceiptVerificator.m in Sources */,
				0351036619DE54C50032E215 /* SGBattleListViewController.m in Sources */,
				038DAACD19CCFC3400A224F7 /* Model.m in Sources */,
				03C5D29E1A41BC4B00788E0C /* Faction.m in Sources */,
				0369595819D542860096CEBC /* SGOpponentFormViewController.m in Sources */,
				03AF5B691A49225D005C4A1B /* SGDisplayTableViewCell.m in Sources */,
				0369596619D5F9AE0096CEBC /* SGScenarioFormViewController.m in Sources */,
				03C5D2A11A45BAB400788E0C /* SGFiltersListViewController.m in Sources */,
				03C301191A36B3580053882A /* SGColorCircleView.m in Sources */,
				038DAAD019CCFC3400A224F7 /* Result.m in Sources */,
				0325715619C7DB1F00634776 /* SGSettingsForm.m in Sources */,
				0369595E19D5F4680096CEBC /* SGGenericOptionsTableViewController.m in Sources */,
				03F10A7C1AB4E07300F3F727 /* Battle.m in Sources */,
				037708D61A5B185300295E1A /* SGWebViewController.m in Sources */,
				038DAAF419CDE70C00A224F7 /* SGBattleForm.m in Sources */,
				0369594919D4D1BB0096CEBC /* SGGenericAddOptionsTableViewController.m in Sources */,
				038DAAE619CCFDBB00A224F7 /* SGGenericRepository.m in Sources */,
				0369595419D5418B0096CEBC /* SGOpponentForm.m in Sources */,
				031D6AB719CEA5D0000B7D26 /* SGResizableImageViewCell.m in Sources */,
				0369597219D621830096CEBC /* SGLongPressTableViewCell.m in Sources */,
			);
			runOnlyForDeploymentPostprocessing = 0;
		};
		0349E2C019C17F510091FF21 /* Sources */ = {
			isa = PBXSourcesBuildPhase;
			buildActionMask = 2147483647;
			files = (
				0349E2CB19C17F510091FF21 /* SteamGeniusTests.m in Sources */,
			);
			runOnlyForDeploymentPostprocessing = 0;
		};
/* End PBXSourcesBuildPhase section */

/* Begin PBXTargetDependency section */
		0349E2C619C17F510091FF21 /* PBXTargetDependency */ = {
			isa = PBXTargetDependency;
			target = 0349E2A419C17F510091FF21 /* SteamGenius */;
			targetProxy = 0349E2C519C17F510091FF21 /* PBXContainerItemProxy */;
		};
/* End PBXTargetDependency section */

/* Begin PBXVariantGroup section */
		0349E2B819C17F510091FF21 /* Main.storyboard */ = {
			isa = PBXVariantGroup;
			children = (
				0349E2B919C17F510091FF21 /* Base */,
			);
			name = Main.storyboard;
			sourceTree = "<group>";
		};
		0349E2BD19C17F510091FF21 /* LaunchScreen.xib */ = {
			isa = PBXVariantGroup;
			children = (
				0349E2BE19C17F510091FF21 /* Base */,
			);
			name = LaunchScreen.xib;
			sourceTree = "<group>";
		};
/* End PBXVariantGroup section */

/* Begin XCBuildConfiguration section */
		0349E2CC19C17F510091FF21 /* Debug */ = {
			isa = XCBuildConfiguration;
			buildSettings = {
				ALWAYS_SEARCH_USER_PATHS = NO;
				CLANG_CXX_LANGUAGE_STANDARD = "gnu++0x";
				CLANG_CXX_LIBRARY = "libc++";
				CLANG_ENABLE_MODULES = YES;
				CLANG_ENABLE_OBJC_ARC = YES;
				CLANG_WARN_BOOL_CONVERSION = YES;
				CLANG_WARN_CONSTANT_CONVERSION = YES;
				CLANG_WARN_DIRECT_OBJC_ISA_USAGE = YES_ERROR;
				CLANG_WARN_EMPTY_BODY = YES;
				CLANG_WARN_ENUM_CONVERSION = YES;
				CLANG_WARN_INT_CONVERSION = YES;
				CLANG_WARN_OBJC_ROOT_CLASS = YES_ERROR;
				CLANG_WARN_UNREACHABLE_CODE = YES;
				CLANG_WARN__DUPLICATE_METHOD_MATCH = YES;
				CODE_SIGN_IDENTITY = "iPhone Developer: Erik Lopez (C858QMJPF2)";
				"CODE_SIGN_IDENTITY[sdk=iphoneos*]" = "iPhone Developer: Erik Lopez (C858QMJPF2)";
				COPY_PHASE_STRIP = NO;
				ENABLE_STRICT_OBJC_MSGSEND = YES;
				GCC_C_LANGUAGE_STANDARD = gnu99;
				GCC_DYNAMIC_NO_PIC = NO;
				GCC_OPTIMIZATION_LEVEL = 0;
				GCC_PREPROCESSOR_DEFINITIONS = (
					"DEBUG=1",
					"$(inherited)",
				);
				GCC_SYMBOLS_PRIVATE_EXTERN = NO;
				GCC_WARN_64_TO_32_BIT_CONVERSION = YES;
				GCC_WARN_ABOUT_RETURN_TYPE = YES_ERROR;
				GCC_WARN_UNDECLARED_SELECTOR = YES;
				GCC_WARN_UNINITIALIZED_AUTOS = YES_AGGRESSIVE;
				GCC_WARN_UNUSED_FUNCTION = YES;
				GCC_WARN_UNUSED_VARIABLE = YES;
				IPHONEOS_DEPLOYMENT_TARGET = 8.0;
				MTL_ENABLE_DEBUG_INFO = YES;
				ONLY_ACTIVE_ARCH = YES;
				SDKROOT = iphoneos;
				TARGETED_DEVICE_FAMILY = "1,2";
			};
			name = Debug;
		};
		0349E2CD19C17F510091FF21 /* Release */ = {
			isa = XCBuildConfiguration;
			buildSettings = {
				ALWAYS_SEARCH_USER_PATHS = NO;
				CLANG_CXX_LANGUAGE_STANDARD = "gnu++0x";
				CLANG_CXX_LIBRARY = "libc++";
				CLANG_ENABLE_MODULES = YES;
				CLANG_ENABLE_OBJC_ARC = YES;
				CLANG_WARN_BOOL_CONVERSION = YES;
				CLANG_WARN_CONSTANT_CONVERSION = YES;
				CLANG_WARN_DIRECT_OBJC_ISA_USAGE = YES_ERROR;
				CLANG_WARN_EMPTY_BODY = YES;
				CLANG_WARN_ENUM_CONVERSION = YES;
				CLANG_WARN_INT_CONVERSION = YES;
				CLANG_WARN_OBJC_ROOT_CLASS = YES_ERROR;
				CLANG_WARN_UNREACHABLE_CODE = YES;
				CLANG_WARN__DUPLICATE_METHOD_MATCH = YES;
				CODE_SIGN_IDENTITY = "iPhone Distribution: Erik Lopez (63Z8F2HA98)";
				"CODE_SIGN_IDENTITY[sdk=iphoneos*]" = "iPhone Distribution: Erik Lopez (63Z8F2HA98)";
				COPY_PHASE_STRIP = YES;
				ENABLE_NS_ASSERTIONS = NO;
				ENABLE_STRICT_OBJC_MSGSEND = YES;
				GCC_C_LANGUAGE_STANDARD = gnu99;
				GCC_WARN_64_TO_32_BIT_CONVERSION = YES;
				GCC_WARN_ABOUT_RETURN_TYPE = YES_ERROR;
				GCC_WARN_UNDECLARED_SELECTOR = YES;
				GCC_WARN_UNINITIALIZED_AUTOS = YES_AGGRESSIVE;
				GCC_WARN_UNUSED_FUNCTION = YES;
				GCC_WARN_UNUSED_VARIABLE = YES;
				IPHONEOS_DEPLOYMENT_TARGET = 8.0;
				MTL_ENABLE_DEBUG_INFO = NO;
				SDKROOT = iphoneos;
				TARGETED_DEVICE_FAMILY = "1,2";
				VALIDATE_PRODUCT = YES;
			};
			name = Release;
		};
		0349E2CF19C17F510091FF21 /* Debug */ = {
			isa = XCBuildConfiguration;
			baseConfigurationReference = 6CEE86B19B7A98FC4A2BFC4F /* Pods.debug.xcconfig */;
			buildSettings = {
				ASSETCATALOG_COMPILER_APPICON_NAME = AppIcon;
				CODE_SIGN_IDENTITY = "iPhone Developer";
				"CODE_SIGN_IDENTITY[sdk=iphoneos*]" = "iPhone Developer";
				INFOPLIST_FILE = SteamGenius/Info.plist;
				IPHONEOS_DEPLOYMENT_TARGET = 8.0;
				LD_RUNPATH_SEARCH_PATHS = "$(inherited) @executable_path/Frameworks";
				PRODUCT_NAME = "$(TARGET_NAME)";
				PROVISIONING_PROFILE = "";
			};
			name = Debug;
		};
		0349E2D019C17F510091FF21 /* Release */ = {
			isa = XCBuildConfiguration;
			baseConfigurationReference = 819FDD9774F6E8F4D103F84D /* Pods.release.xcconfig */;
			buildSettings = {
				ASSETCATALOG_COMPILER_APPICON_NAME = AppIcon;
				CODE_SIGN_IDENTITY = "iPhone Developer";
				"CODE_SIGN_IDENTITY[sdk=iphoneos*]" = "iPhone Developer";
				INFOPLIST_FILE = SteamGenius/Info.plist;
				IPHONEOS_DEPLOYMENT_TARGET = 8.0;
				LD_RUNPATH_SEARCH_PATHS = "$(inherited) @executable_path/Frameworks";
				PRODUCT_NAME = "$(TARGET_NAME)";
				PROVISIONING_PROFILE = "";
			};
			name = Release;
		};
		0349E2D219C17F510091FF21 /* Debug */ = {
			isa = XCBuildConfiguration;
			buildSettings = {
				BUNDLE_LOADER = "$(TEST_HOST)";
				FRAMEWORK_SEARCH_PATHS = (
					"$(SDKROOT)/Developer/Library/Frameworks",
					"$(inherited)",
				);
				GCC_PREPROCESSOR_DEFINITIONS = (
					"DEBUG=1",
					"$(inherited)",
				);
				INFOPLIST_FILE = SteamGeniusTests/Info.plist;
				LD_RUNPATH_SEARCH_PATHS = "$(inherited) @executable_path/Frameworks @loader_path/Frameworks";
				PRODUCT_NAME = "$(TARGET_NAME)";
				TEST_HOST = "$(BUILT_PRODUCTS_DIR)/SteamGenius.app/SteamGenius";
			};
			name = Debug;
		};
		0349E2D319C17F510091FF21 /* Release */ = {
			isa = XCBuildConfiguration;
			buildSettings = {
				BUNDLE_LOADER = "$(TEST_HOST)";
				FRAMEWORK_SEARCH_PATHS = (
					"$(SDKROOT)/Developer/Library/Frameworks",
					"$(inherited)",
				);
				INFOPLIST_FILE = SteamGeniusTests/Info.plist;
				LD_RUNPATH_SEARCH_PATHS = "$(inherited) @executable_path/Frameworks @loader_path/Frameworks";
				PRODUCT_NAME = "$(TARGET_NAME)";
				TEST_HOST = "$(BUILT_PRODUCTS_DIR)/SteamGenius.app/SteamGenius";
			};
			name = Release;
		};
/* End XCBuildConfiguration section */

/* Begin XCConfigurationList section */
		0349E2A019C17F510091FF21 /* Build configuration list for PBXProject "SteamGenius" */ = {
			isa = XCConfigurationList;
			buildConfigurations = (
				0349E2CC19C17F510091FF21 /* Debug */,
				0349E2CD19C17F510091FF21 /* Release */,
			);
			defaultConfigurationIsVisible = 0;
			defaultConfigurationName = Release;
		};
		0349E2CE19C17F510091FF21 /* Build configuration list for PBXNativeTarget "SteamGenius" */ = {
			isa = XCConfigurationList;
			buildConfigurations = (
				0349E2CF19C17F510091FF21 /* Debug */,
				0349E2D019C17F510091FF21 /* Release */,
			);
			defaultConfigurationIsVisible = 0;
			defaultConfigurationName = Release;
		};
		0349E2D119C17F510091FF21 /* Build configuration list for PBXNativeTarget "SteamGeniusTests" */ = {
			isa = XCConfigurationList;
			buildConfigurations = (
				0349E2D219C17F510091FF21 /* Debug */,
				0349E2D319C17F510091FF21 /* Release */,
			);
			defaultConfigurationIsVisible = 0;
			defaultConfigurationName = Release;
		};
/* End XCConfigurationList section */

/* Begin XCVersionGroup section */
		0325713619C491B300634776 /* SteamGenius.xcdatamodeld */ = {
			isa = XCVersionGroup;
			children = (
				03F10A761AB4DCC700F3F727 /* SteamGenius 2.xcdatamodel */,
				0325713719C491B300634776 /* SteamGenius.xcdatamodel */,
			);
			currentVersion = 03F10A761AB4DCC700F3F727 /* SteamGenius 2.xcdatamodel */;
			path = SteamGenius.xcdatamodeld;
			sourceTree = SOURCE_ROOT;
			versionGroupType = wrapper.xcdatamodel;
		};
/* End XCVersionGroup section */
	};
	rootObject = 0349E29D19C17F510091FF21 /* Project object */;
}
